
Microsoft Visual Studio Solution File, Format Version 11.00
# Visual Studio 2010
Project("{888888A0-9F3D-457C-B088-3A5042F75D52}") = "DjangoApplication", "DjangoApplication\DjangoApplication.pyproj", "{DF3DBE5A-C4C0-4583-B4B0-F5BC98F4AD80}"
EndProject
Global
	GlobalSection(SolutionConfigurationPlatforms) = preSolution
		Debug|Any CPU = Debug|Any CPU
		Release|Any CPU = Release|Any CPU
	EndGlobalSection
	GlobalSection(ProjectConfigurationPlatforms) = postSolution
		{DF3DBE5A-C4C0-4583-B4B0-F5BC98F4AD80}.Debug|Any CPU.ActiveCfg = Debug|Any CPU
		{DF3DBE5A-C4C0-4583-B4B0-F5BC98F4AD80}.Release|Any CPU.ActiveCfg = Release|Any CPU
	EndGlobalSection
	GlobalSection(SolutionProperties) = preSolution
		HideSolutionNode = FALSE
	EndGlobalSection
EndGlobal
